{
  "name": "@fidelis/cer-telemetry",
  "version": "0.1.0",
  "lockfileVersion": 3,
  "requires": true,
  "packages": {
    "": {
      "name": "@fidelis/cer-telemetry",
      "version": "0.1.0",
      "license": "MIT",
      "bin": {
        "cer-moltx-trending": "bin/moltx-trending.mjs"
      },
      "engines": {
        "node": ">=18"
      }
    }
  }
}
